
Microsoft Visual Studio Solution File, Format Version 12.00
# Visual Studio 14
VisualStudioVersion = 14.0.24720.0
MinimumVisualStudioVersion = 10.0.40219.1
Project("{2150E333-8FDC-42A3-9474-1A3956D46DE8}") = "src", "src", "{2D3B4222-FA08-4840-8AEA-F3FEBCD608B5}"
EndProject
Project("{2150E333-8FDC-42A3-9474-1A3956D46DE8}") = "Solution Items", "Solution Items", "{8B9D1AF8-3D60-4ECC-B4A8-E12FE1057533}"
	ProjectSection(SolutionItems) = preProject
		global.json = global.json
	EndProjectSection
EndProject
Project("{8BB2217D-0F2D-49D1-97BC-3654ED321F3B}") = "FragSwapperV2", "src\FragSwapperV2\FragSwapperV2.xproj", "{D3006D05-D479-4703-A960-0006041CC76D}"
EndProject
Global
	GlobalSection(SolutionConfigurationPlatforms) = preSolution
		Debug|Any CPU = Debug|Any CPU
		Release|Any CPU = Release|Any CPU
	EndGlobalSection
	GlobalSection(ProjectConfigurationPlatforms) = postSolution
		{D3006D05-D479-4703-A960-0006041CC76D}.Debug|Any CPU.ActiveCfg = Debug|Any CPU
		{D3006D05-D479-4703-A960-0006041CC76D}.Debug|Any CPU.Build.0 = Debug|Any CPU
		{D3006D05-D479-4703-A960-0006041CC76D}.Release|Any CPU.ActiveCfg = Release|Any CPU
		{D3006D05-D479-4703-A960-0006041CC76D}.Release|Any CPU.Build.0 = Release|Any CPU
	EndGlobalSection
	GlobalSection(SolutionProperties) = preSolution
		HideSolutionNode = FALSE
	EndGlobalSection
	GlobalSection(NestedProjects) = preSolution
		{D3006D05-D479-4703-A960-0006041CC76D} = {2D3B4222-FA08-4840-8AEA-F3FEBCD608B5}
	EndGlobalSection
EndGlobal
